
Microsoft Visual Studio Solution File, Format Version 12.00
# Visual Studio Version 16
VisualStudioVersion = 16.0.30413.136
MinimumVisualStudioVersion = 10.0.40219.1
Project("{FAE04EC0-301F-11D3-BF4B-00C04F79EFBC}") = "Project4", "Project4\Project4.csproj", "{0A35C386-7615-4B46-96C9-6B6A22290E65}"
EndProject
Global
	GlobalSection(SolutionConfigurationPlatforms) = preSolution
		Debug|Any CPU = Debug|Any CPU
		Release|Any CPU = Release|Any CPU
	EndGlobalSection
	GlobalSection(ProjectConfigurationPlatforms) = postSolution
		{0A35C386-7615-4B46-96C9-6B6A22290E65}.Debug|Any CPU.ActiveCfg = Debug|Any CPU
		{0A35C386-7615-4B46-96C9-6B6A22290E65}.Debug|Any CPU.Build.0 = Debug|Any CPU
		{0A35C386-7615-4B46-96C9-6B6A22290E65}.Release|Any CPU.ActiveCfg = Release|Any CPU
		{0A35C386-7615-4B46-96C9-6B6A22290E65}.Release|Any CPU.Build.0 = Release|Any CPU
	EndGlobalSection
	GlobalSection(SolutionProperties) = preSolution
		HideSolutionNode = FALSE
	EndGlobalSection
	GlobalSection(ExtensibilityGlobals) = postSolution
		SolutionGuid = {9F98C542-9061-4E2F-8239-C5E5E8CF1A33}
	EndGlobalSection
EndGlobal
