
Microsoft Visual Studio Solution File, Format Version 12.00
# Visual Studio Version 16
VisualStudioVersion = 16.0.31105.61
MinimumVisualStudioVersion = 10.0.40219.1
Project("{FAE04EC0-301F-11D3-BF4B-00C04F79EFBC}") = "Keyloggger", "Keyloggger\Keyloggger.csproj", "{C716398C-8AB2-4F9D-B012-4C390580234E}"
EndProject
Global
	GlobalSection(SolutionConfigurationPlatforms) = preSolution
		Debug|Any CPU = Debug|Any CPU
		Release|Any CPU = Release|Any CPU
	EndGlobalSection
	GlobalSection(ProjectConfigurationPlatforms) = postSolution
		{C716398C-8AB2-4F9D-B012-4C390580234E}.Debug|Any CPU.ActiveCfg = Debug|Any CPU
		{C716398C-8AB2-4F9D-B012-4C390580234E}.Debug|Any CPU.Build.0 = Debug|Any CPU
		{C716398C-8AB2-4F9D-B012-4C390580234E}.Release|Any CPU.ActiveCfg = Release|Any CPU
		{C716398C-8AB2-4F9D-B012-4C390580234E}.Release|Any CPU.Build.0 = Release|Any CPU
	EndGlobalSection
	GlobalSection(SolutionProperties) = preSolution
		HideSolutionNode = FALSE
	EndGlobalSection
	GlobalSection(ExtensibilityGlobals) = postSolution
		SolutionGuid = {E587072B-286A-49A9-9E47-22BDC4B206DE}
	EndGlobalSection
EndGlobal
